// !$*UTF8*$!
{
	archiveVersion = 1;
	classes = {
	};
	objectVersion = 46;
	objects = {

/* Begin PBXBuildFile section */
		D0AFA4CA1D9C01C70009614E /* LoadingCell.xib in Resources */ = {isa = PBXBuildFile; fileRef = D0AFA4C91D9C01C70009614E /* LoadingCell.xib */; };
		D0AFA4CE1D9C3E510009614E /* PlayerPopUpViewController.swift in Sources */ = {isa = PBXBuildFile; fileRef = D0AFA4CD1D9C3E500009614E /* PlayerPopUpViewController.swift */; };
		D0AFA4D61D9C6D5C0009614E /* SearchResult.swift in Sources */ = {isa = PBXBuildFile; fileRef = D0AFA4D51D9C6D5C0009614E /* SearchResult.swift */; };
		D0F8BDC31D9BCF6900D9D105 /* AppDelegate.swift in Sources */ = {isa = PBXBuildFile; fileRef = D0F8BDC21D9BCF6900D9D105 /* AppDelegate.swift */; };
		D0F8BDC51D9BCF6900D9D105 /* SearchMusicViewController.swift in Sources */ = {isa = PBXBuildFile; fileRef = D0F8BDC41D9BCF6900D9D105 /* SearchMusicViewController.swift */; };
		D0F8BDC71D9BCF6900D9D105 /* PlayerViewController.swift in Sources */ = {isa = PBXBuildFile; fileRef = D0F8BDC61D9BCF6900D9D105 /* PlayerViewController.swift */; };
		D0F8BDCA1D9BCF6900D9D105 /* Main.storyboard in Resources */ = {isa = PBXBuildFile; fileRef = D0F8BDC81D9BCF6900D9D105 /* Main.storyboard */; };
		D0F8BDCC1D9BCF6900D9D105 /* Assets.xcassets in Resources */ = {isa = PBXBuildFile; fileRef = D0F8BDCB1D9BCF6900D9D105 /* Assets.xcassets */; };
		D0F8BDCF1D9BCF6900D9D105 /* LaunchScreen.storyboard in Resources */ = {isa = PBXBuildFile; fileRef = D0F8BDCD1D9BCF6900D9D105 /* LaunchScreen.storyboard */; };
		D0F8BDD71D9BD34800D9D105 /* TrackCell.xib in Resources */ = {isa = PBXBuildFile; fileRef = D0F8BDD61D9BD34800D9D105 /* TrackCell.xib */; };
		D0F8BDD91D9BD4F600D9D105 /* TrackCell.swift in Sources */ = {isa = PBXBuildFile; fileRef = D0F8BDD81D9BD4F500D9D105 /* TrackCell.swift */; };
		D0F8BDDF1D9BEC7000D9D105 /* NothingFoundCell.xib in Resources */ = {isa = PBXBuildFile; fileRef = D0F8BDDE1D9BEC7000D9D105 /* NothingFoundCell.xib */; };
/* End PBXBuildFile section */

/* Begin PBXFileReference section */
		D0AFA4C91D9C01C70009614E /* LoadingCell.xib */ = {isa = PBXFileReference; fileEncoding = 4; lastKnownFileType = file.xib; path = LoadingCell.xib; sourceTree = "<group>"; };
		D0AFA4CD1D9C3E500009614E /* PlayerPopUpViewController.swift */ = {isa = PBXFileReference; fileEncoding = 4; lastKnownFileType = sourcecode.swift; path = PlayerPopUpViewController.swift; sourceTree = "<group>"; };
		D0AFA4D51D9C6D5C0009614E /* SearchResult.swift */ = {isa = PBXFileReference; fileEncoding = 4; lastKnownFileType = sourcecode.swift; path = SearchResult.swift; sourceTree = "<group>"; };
		D0F8BDBF1D9BCF6900D9D105 /* TanzAbend.app */ = {isa = PBXFileReference; explicitFileType = wrapper.application; includeInIndex = 0; path = TanzAbend.app; sourceTree = BUILT_PRODUCTS_DIR; };
		D0F8BDC21D9BCF6900D9D105 /* AppDelegate.swift */ = {isa = PBXFileReference; lastKnownFileType = sourcecode.swift; path = AppDelegate.swift; sourceTree = "<group>"; };
		D0F8BDC41D9BCF6900D9D105 /* SearchMusicViewController.swift */ = {isa = PBXFileReference; lastKnownFileType = sourcecode.swift; path = SearchMusicViewController.swift; sourceTree = "<group>"; };
		D0F8BDC61D9BCF6900D9D105 /* PlayerViewController.swift */ = {isa = PBXFileReference; lastKnownFileType = sourcecode.swift; path = PlayerViewController.swift; sourceTree = "<group>"; };
		D0F8BDC91D9BCF6900D9D105 /* Base */ = {isa = PBXFileReference; lastKnownFileType = file.storyboard; name = Base; path = Base.lproj/Main.storyboard; sourceTree = "<group>"; };
		D0F8BDCB1D9BCF6900D9D105 /* Assets.xcassets */ = {isa = PBXFileReference; lastKnownFileType = folder.assetcatalog; path = Assets.xcassets; sourceTree = "<group>"; };
		D0F8BDCE1D9BCF6900D9D105 /* Base */ = {isa = PBXFileReference; lastKnownFileType = file.storyboard; name = Base; path = Base.lproj/LaunchScreen.storyboard; sourceTree = "<group>"; };
		D0F8BDD01D9BCF6A00D9D105 /* Info.plist */ = {isa = PBXFileReference; lastKnownFileType = text.plist.xml; path = Info.plist; sourceTree = "<group>"; };
		D0F8BDD61D9BD34800D9D105 /* TrackCell.xib */ = {isa = PBXFileReference; fileEncoding = 4; lastKnownFileType = file.xib; path = TrackCell.xib; sourceTree = "<group>"; };
		D0F8BDD81D9BD4F500D9D105 /* TrackCell.swift */ = {isa = PBXFileReference; fileEncoding = 4; lastKnownFileType = sourcecode.swift; path = TrackCell.swift; sourceTree = "<group>"; };
		D0F8BDDE1D9BEC7000D9D105 /* NothingFoundCell.xib */ = {isa = PBXFileReference; fileEncoding = 4; lastKnownFileType = file.xib; path = NothingFoundCell.xib; sourceTree = "<group>"; };
/* End PBXFileReference section */

/* Begin PBXFrameworksBuildPhase section */
		D0F8BDBC1D9BCF6900D9D105 /* Frameworks */ = {
			isa = PBXFrameworksBuildPhase;
			buildActionMask = 2147483647;
			files = (
			);
			runOnlyForDeploymentPostprocessing = 0;
		};
/* End PBXFrameworksBuildPhase section */

/* Begin PBXGroup section */
		D0AFA4D11D9C48950009614E /* Model */ = {
			isa = PBXGroup;
			children = (
				D0AFA4D51D9C6D5C0009614E /* SearchResult.swift */,
			);
			name = Model;
			sourceTree = "<group>";
		};
		D0AFA4D21D9C489C0009614E /* View */ = {
			isa = PBXGroup;
			children = (
				D0F8BDD81D9BD4F500D9D105 /* TrackCell.swift */,
				D0F8BDD61D9BD34800D9D105 /* TrackCell.xib */,
				D0F8BDDE1D9BEC7000D9D105 /* NothingFoundCell.xib */,
				D0AFA4C91D9C01C70009614E /* LoadingCell.xib */,
				D0F8BDCD1D9BCF6900D9D105 /* LaunchScreen.storyboard */,
			);
			name = View;
			sourceTree = "<group>";
		};
		D0AFA4D31D9C48A60009614E /* Controllers */ = {
			isa = PBXGroup;
			children = (
				D0F8BDC41D9BCF6900D9D105 /* SearchMusicViewController.swift */,
				D0F8BDC61D9BCF6900D9D105 /* PlayerViewController.swift */,
				D0AFA4CD1D9C3E500009614E /* PlayerPopUpViewController.swift */,
			);
			name = Controllers;
			sourceTree = "<group>";
		};
		D0F8BDB61D9BCF6900D9D105 = {
			isa = PBXGroup;
			children = (
				D0F8BDC11D9BCF6900D9D105 /* TanzAbend */,
				D0F8BDC01D9BCF6900D9D105 /* Products */,
			);
			sourceTree = "<group>";
		};
		D0F8BDC01D9BCF6900D9D105 /* Products */ = {
			isa = PBXGroup;
			children = (
				D0F8BDBF1D9BCF6900D9D105 /* TanzAbend.app */,
			);
			name = Products;
			sourceTree = "<group>";
		};
		D0F8BDC11D9BCF6900D9D105 /* TanzAbend */ = {
			isa = PBXGroup;
			children = (
				D0F8BDC21D9BCF6900D9D105 /* AppDelegate.swift */,
				D0F8BDC81D9BCF6900D9D105 /* Main.storyboard */,
				D0AFA4D11D9C48950009614E /* Model */,
				D0AFA4D21D9C489C0009614E /* View */,
				D0AFA4D31D9C48A60009614E /* Controllers */,
				D0F8BDCB1D9BCF6900D9D105 /* Assets.xcassets */,
				D0F8BDD01D9BCF6A00D9D105 /* Info.plist */,
			);
			path = TanzAbend;
			sourceTree = "<group>";
		};
/* End PBXGroup section */

/* Begin PBXNativeTarget section */
		D0F8BDBE1D9BCF6900D9D105 /* TanzAbend */ = {
			isa = PBXNativeTarget;
			buildConfigurationList = D0F8BDD31D9BCF6A00D9D105 /* Build configuration list for PBXNativeTarget "TanzAbend" */;
			buildPhases = (
				D0F8BDBB1D9BCF6900D9D105 /* Sources */,
				D0F8BDBC1D9BCF6900D9D105 /* Frameworks */,
				D0F8BDBD1D9BCF6900D9D105 /* Resources */,
			);
			buildRules = (
			);
			dependencies = (
			);
			name = TanzAbend;
			productName = TanzAbend;
			productReference = D0F8BDBF1D9BCF6900D9D105 /* TanzAbend.app */;
			productType = "com.apple.product-type.application";
		};
/* End PBXNativeTarget section */

/* Begin PBXProject section */
		D0F8BDB71D9BCF6900D9D105 /* Project object */ = {
			isa = PBXProject;
			attributes = {
				LastSwiftUpdateCheck = 0800;
				LastUpgradeCheck = 0800;
				ORGANIZATIONNAME = "Ivashin Dmitry";
				TargetAttributes = {
					D0F8BDBE1D9BCF6900D9D105 = {
						CreatedOnToolsVersion = 8.0;
						DevelopmentTeam = WF866KSYF8;
						ProvisioningStyle = Automatic;
					};
				};
			};
			buildConfigurationList = D0F8BDBA1D9BCF6900D9D105 /* Build configuration list for PBXProject "TanzAbend" */;
			compatibilityVersion = "Xcode 3.2";
			developmentRegion = English;
			hasScannedForEncodings = 0;
			knownRegions = (
				en,
				Base,
			);
			mainGroup = D0F8BDB61D9BCF6900D9D105;
			productRefGroup = D0F8BDC01D9BCF6900D9D105 /* Products */;
			projectDirPath = "";
			projectRoot = "";
			targets = (
				D0F8BDBE1D9BCF6900D9D105 /* TanzAbend */,
			);
		};
/* End PBXProject section */

/* Begin PBXResourcesBuildPhase section */
		D0F8BDBD1D9BCF6900D9D105 /* Resources */ = {
			isa = PBXResourcesBuildPhase;
			buildActionMask = 2147483647;
			files = (
				D0F8BDCF1D9BCF6900D9D105 /* LaunchScreen.storyboard in Resources */,
				D0F8BDCC1D9BCF6900D9D105 /* Assets.xcassets in Resources */,
				D0AFA4CA1D9C01C70009614E /* LoadingCell.xib in Resources */,
				D0F8BDCA1D9BCF6900D9D105 /* Main.storyboard in Resources */,
				D0F8BDDF1D9BEC7000D9D105 /* NothingFoundCell.xib in Resources */,
				D0F8BDD71D9BD34800D9D105 /* TrackCell.xib in Resources */,
			);
			runOnlyForDeploymentPostprocessing = 0;
		};
/* End PBXResourcesBuildPhase section */

/* Begin PBXSourcesBuildPhase section */
		D0F8BDBB1D9BCF6900D9D105 /* Sources */ = {
			isa = PBXSourcesBuildPhase;
			buildActionMask = 2147483647;
			files = (
				D0F8BDC71D9BCF6900D9D105 /* PlayerViewController.swift in Sources */,
				D0AFA4CE1D9C3E510009614E /* PlayerPopUpViewController.swift in Sources */,
				D0F8BDC31D9BCF6900D9D105 /* AppDelegate.swift in Sources */,
				D0F8BDC51D9BCF6900D9D105 /* SearchMusicViewController.swift in Sources */,
				D0AFA4D61D9C6D5C0009614E /* SearchResult.swift in Sources */,
				D0F8BDD91D9BD4F600D9D105 /* TrackCell.swift in Sources */,
			);
			runOnlyForDeploymentPostprocessing = 0;
		};
/* End PBXSourcesBuildPhase section */

/* Begin PBXVariantGroup section */
		D0F8BDC81D9BCF6900D9D105 /* Main.storyboard */ = {
			isa = PBXVariantGroup;
			children = (
				D0F8BDC91D9BCF6900D9D105 /* Base */,
			);
			name = Main.storyboard;
			sourceTree = "<group>";
		};
		D0F8BDCD1D9BCF6900D9D105 /* LaunchScreen.storyboard */ = {
			isa = PBXVariantGroup;
			children = (
				D0F8BDCE1D9BCF6900D9D105 /* Base */,
			);
			name = LaunchScreen.storyboard;
			sourceTree = "<group>";
		};
/* End PBXVariantGroup section */

/* Begin XCBuildConfiguration section */
		D0F8BDD11D9BCF6A00D9D105 /* Debug */ = {
			isa = XCBuildConfiguration;
			buildSettings = {
				ALWAYS_SEARCH_USER_PATHS = NO;
				CLANG_ANALYZER_NONNULL = YES;
				CLANG_CXX_LANGUAGE_STANDARD = "gnu++0x";
				CLANG_CXX_LIBRARY = "libc++";
				CLANG_ENABLE_MODULES = YES;
				CLANG_ENABLE_OBJC_ARC = YES;
				CLANG_WARN_BOOL_CONVERSION = YES;
				CLANG_WARN_CONSTANT_CONVERSION = YES;
				CLANG_WARN_DIRECT_OBJC_ISA_USAGE = YES_ERROR;
				CLANG_WARN_DOCUMENTATION_COMMENTS = YES;
				CLANG_WARN_EMPTY_BODY = YES;
				CLANG_WARN_ENUM_CONVERSION = YES;
				CLANG_WARN_INFINITE_RECURSION = YES;
				CLANG_WARN_INT_CONVERSION = YES;
				CLANG_WARN_OBJC_ROOT_CLASS = YES_ERROR;
				CLANG_WARN_SUSPICIOUS_MOVES = YES;
				CLANG_WARN_UNREACHABLE_CODE = YES;
				CLANG_WARN__DUPLICATE_METHOD_MATCH = YES;
				"CODE_SIGN_IDENTITY[sdk=iphoneos*]" = "iPhone Developer";
				COPY_PHASE_STRIP = NO;
				DEBUG_INFORMATION_FORMAT = dwarf;
				ENABLE_STRICT_OBJC_MSGSEND = YES;
				ENABLE_TESTABILITY = YES;
				GCC_C_LANGUAGE_STANDARD = gnu99;
				GCC_DYNAMIC_NO_PIC = NO;
				GCC_NO_COMMON_BLOCKS = YES;
				GCC_OPTIMIZATION_LEVEL = 0;
				GCC_PREPROCESSOR_DEFINITIONS = (
					"DEBUG=1",
					"$(inherited)",
				);
				GCC_WARN_64_TO_32_BIT_CONVERSION = YES;
				GCC_WARN_ABOUT_RETURN_TYPE = YES_ERROR;
				GCC_WARN_UNDECLARED_SELECTOR = YES;
				GCC_WARN_UNINITIALIZED_AUTOS = YES_AGGRESSIVE;
				GCC_WARN_UNUSED_FUNCTION = YES;
				GCC_WARN_UNUSED_VARIABLE = YES;
				IPHONEOS_DEPLOYMENT_TARGET = 10.0;
				MTL_ENABLE_DEBUG_INFO = YES;
				ONLY_ACTIVE_ARCH = YES;
				SDKROOT = iphoneos;
				SWIFT_ACTIVE_COMPILATION_CONDITIONS = DEBUG;
				SWIFT_OPTIMIZATION_LEVEL = "-Onone";
			};
			name = Debug;
		};
		D0F8BDD21D9BCF6A00D9D105 /* Release */ = {
			isa = XCBuildConfiguration;
			buildSettings = {
				ALWAYS_SEARCH_USER_PATHS = NO;
				CLANG_ANALYZER_NONNULL = YES;
				CLANG_CXX_LANGUAGE_STANDARD = "gnu++0x";
				CLANG_CXX_LIBRARY = "libc++";
				CLANG_ENABLE_MODULES = YES;
				CLANG_ENABLE_OBJC_ARC = YES;
				CLANG_WARN_BOOL_CONVERSION = YES;
				CLANG_WARN_CONSTANT_CONVERSION = YES;
				CLANG_WARN_DIRECT_OBJC_ISA_USAGE = YES_ERROR;
				CLANG_WARN_DOCUMENTATION_COMMENTS = YES;
				CLANG_WARN_EMPTY_BODY = YES;
				CLANG_WARN_ENUM_CONVERSION = YES;
				CLANG_WARN_INFINITE_RECURSION = YES;
				CLANG_WARN_INT_CONVERSION = YES;
				CLANG_WARN_OBJC_ROOT_CLASS = YES_ERROR;
				CLANG_WARN_SUSPICIOUS_MOVES = YES;
				CLANG_WARN_UNREACHABLE_CODE = YES;
				CLANG_WARN__DUPLICATE_METHOD_MATCH = YES;
				"CODE_SIGN_IDENTITY[sdk=iphoneos*]" = "iPhone Developer";
				COPY_PHASE_STRIP = NO;
				DEBUG_INFORMATION_FORMAT = "dwarf-with-dsym";
				ENABLE_NS_ASSERTIONS = NO;
				ENABLE_STRICT_OBJC_MSGSEND = YES;
				GCC_C_LANGUAGE_STANDARD = gnu99;
				GCC_NO_COMMON_BLOCKS = YES;
				GCC_WARN_64_TO_32_BIT_CONVERSION = YES;
				GCC_WARN_ABOUT_RETURN_TYPE = YES_ERROR;
				GCC_WARN_UNDECLARED_SELECTOR = YES;
				GCC_WARN_UNINITIALIZED_AUTOS = YES_AGGRESSIVE;
				GCC_WARN_UNUSED_FUNCTION = YES;
				GCC_WARN_UNUSED_VARIABLE = YES;
				IPHONEOS_DEPLOYMENT_TARGET = 10.0;
				MTL_ENABLE_DEBUG_INFO = NO;
				SDKROOT = iphoneos;
				SWIFT_OPTIMIZATION_LEVEL = "-Owholemodule";
				VALIDATE_PRODUCT = YES;
			};
			name = Release;
		};
		D0F8BDD41D9BCF6A00D9D105 /* Debug */ = {
			isa = XCBuildConfiguration;
			buildSettings = {
				ASSETCATALOG_COMPILER_APPICON_NAME = AppIcon;
				DEVELOPMENT_TEAM = WF866KSYF8;
				INFOPLIST_FILE = TanzAbend/Info.plist;
				LD_RUNPATH_SEARCH_PATHS = "$(inherited) @executable_path/Frameworks";
				PRODUCT_BUNDLE_IDENTIFIER = MyCompany.TanzAbend;
				PRODUCT_NAME = "$(TARGET_NAME)";
				SWIFT_VERSION = 3.0;
			};
			name = Debug;
		};
		D0F8BDD51D9BCF6A00D9D105 /* Release */ = {
			isa = XCBuildConfiguration;
			buildSettings = {
				ASSETCATALOG_COMPILER_APPICON_NAME = AppIcon;
				DEVELOPMENT_TEAM = WF866KSYF8;
				INFOPLIST_FILE = TanzAbend/Info.plist;
				LD_RUNPATH_SEARCH_PATHS = "$(inherited) @executable_path/Frameworks";
				PRODUCT_BUNDLE_IDENTIFIER = MyCompany.TanzAbend;
				PRODUCT_NAME = "$(TARGET_NAME)";
				SWIFT_VERSION = 3.0;
			};
			name = Release;
		};
/* End XCBuildConfiguration section */

/* Begin XCConfigurationList section */
		D0F8BDBA1D9BCF6900D9D105 /* Build configuration list for PBXProject "TanzAbend" */ = {
			isa = XCConfigurationList;
			buildConfigurations = (
				D0F8BDD11D9BCF6A00D9D105 /* Debug */,
				D0F8BDD21D9BCF6A00D9D105 /* Release */,
			);
			defaultConfigurationIsVisible = 0;
			defaultConfigurationName = Release;
		};
		D0F8BDD31D9BCF6A00D9D105 /* Build configuration list for PBXNativeTarget "TanzAbend" */ = {
			isa = XCConfigurationList;
			buildConfigurations = (
				D0F8BDD41D9BCF6A00D9D105 /* Debug */,
				D0F8BDD51D9BCF6A00D9D105 /* Release */,
			);
			defaultConfigurationIsVisible = 0;
			defaultConfigurationName = Release;
		};
/* End XCConfigurationList section */
	};
	rootObject = D0F8BDB71D9BCF6900D9D105 /* Project object */;
}
